
Microsoft Visual Studio Solution File, Format Version 12.00
# Visual Studio 15
VisualStudioVersion = 15.0.27004.2002
MinimumVisualStudioVersion = 10.0.40219.1
Project("{8BC9CEB8-8B4A-11D0-8D11-00A0C91BC942}") = "HousingFund", "HousingFund\HousingFund.vcxproj", "{51DBE58E-0599-497C-B7EA-7238EB40599E}"
EndProject
Global
	GlobalSection(SolutionConfigurationPlatforms) = preSolution
		Debug|x64 = Debug|x64
		Debug|x86 = Debug|x86
		Release|x64 = Release|x64
		Release|x86 = Release|x86
	EndGlobalSection
	GlobalSection(ProjectConfigurationPlatforms) = postSolution
		{51DBE58E-0599-497C-B7EA-7238EB40599E}.Debug|x64.ActiveCfg = Debug|x64
		{51DBE58E-0599-497C-B7EA-7238EB40599E}.Debug|x64.Build.0 = Debug|x64
		{51DBE58E-0599-497C-B7EA-7238EB40599E}.Debug|x86.ActiveCfg = Debug|Win32
		{51DBE58E-0599-497C-B7EA-7238EB40599E}.Debug|x86.Build.0 = Debug|Win32
		{51DBE58E-0599-497C-B7EA-7238EB40599E}.Release|x64.ActiveCfg = Release|x64
		{51DBE58E-0599-497C-B7EA-7238EB40599E}.Release|x64.Build.0 = Release|x64
		{51DBE58E-0599-497C-B7EA-7238EB40599E}.Release|x86.ActiveCfg = Release|Win32
		{51DBE58E-0599-497C-B7EA-7238EB40599E}.Release|x86.Build.0 = Release|Win32
	EndGlobalSection
	GlobalSection(SolutionProperties) = preSolution
		HideSolutionNode = FALSE
	EndGlobalSection
	GlobalSection(ExtensibilityGlobals) = postSolution
		SolutionGuid = {3033E12A-2008-4C1B-97A6-406B9AD3F12D}
	EndGlobalSection
EndGlobal
